
Microsoft Visual Studio Solution File, Format Version 12.00
Project("{FAE04EC0-301F-11D3-BF4B-00C04F79EFBC}") = "CVD", "CVD\CVD.csproj", "{59BD06DF-2DB1-4776-879A-8893EBF962E8}"
EndProject
Global
	GlobalSection(SolutionConfigurationPlatforms) = preSolution
		Debug|Any CPU = Debug|Any CPU
		Release|Any CPU = Release|Any CPU
	EndGlobalSection
	GlobalSection(ProjectConfigurationPlatforms) = postSolution
		{59BD06DF-2DB1-4776-879A-8893EBF962E8}.Debug|Any CPU.ActiveCfg = Debug|Any CPU
		{59BD06DF-2DB1-4776-879A-8893EBF962E8}.Debug|Any CPU.Build.0 = Debug|Any CPU
		{59BD06DF-2DB1-4776-879A-8893EBF962E8}.Release|Any CPU.ActiveCfg = Release|Any CPU
		{59BD06DF-2DB1-4776-879A-8893EBF962E8}.Release|Any CPU.Build.0 = Release|Any CPU
	EndGlobalSection
EndGlobal
